{
  "name": "wechat-miniprogram-ar-v2",
  "version": "1.0.0",
  "lockfileVersion": 2,
  "requires": true,
  "packages": {
    "": {
      "name": "wechat-miniprogram-ar-v2",
      "version": "1.0.0",
      "license": "ISC",
      "dependencies": {
        "threejs-miniprogram": "0.0.2"
      },
      "devDependencies": {}
    },
    "node_modules/threejs-miniprogram": {
      "version": "0.0.2",
      "resolved": "https://registry.npm.taobao.org/threejs-miniprogram/download/threejs-miniprogram-0.0.2.tgz",
      "integrity": "sha1-XKYB6hXNiuuazLYe5GeS7tq8uTM="
    }
  },
  "dependencies": {
    "threejs-miniprogram": {
      "version": "0.0.2",
      "resolved": "https://registry.npm.taobao.org/threejs-miniprogram/download/threejs-miniprogram-0.0.2.tgz",
      "integrity": "sha1-XKYB6hXNiuuazLYe5GeS7tq8uTM="
    }
  }
}
